
Microsoft Visual Studio Solution File, Format Version 12.00
# Visual Studio Version 17
VisualStudioVersion = 17.8.0.0
MinimumVisualStudioVersion = 17.8.0.0
Project("{9A19103F-16F7-4668-BE54-9A1E7A4F7556}") = "ObsidianAI.AppHost", "ObsidianAI.AppHost\ObsidianAI.AppHost.csproj", "{5D2408B3-64ED-42B4-84BA-DA5DCE1580FC}"
EndProject
Project("{9A19103F-16F7-4668-BE54-9A1E7A4F7556}") = "ObsidianAI.ServiceDefaults", "ObsidianAI.ServiceDefaults\ObsidianAI.ServiceDefaults.csproj", "{199A93C9-EE50-47E5-BDB1-5E66925C5348}"
EndProject
Project("{FAE04EC0-301F-11D3-BF4B-00C04F79EFBC}") = "ObsidianAI.Api", "ObsidianAI.Api\ObsidianAI.Api.csproj", "{7C46D01F-ACA5-4A6F-B43D-5D67B27668D9}"
EndProject
Project("{FAE04EC0-301F-11D3-BF4B-00C04F79EFBC}") = "ObsidianAI.Web", "ObsidianAI.Web\ObsidianAI.Web.csproj", "{028D0A8E-4006-424A-8472-6FA0C21D191E}"
EndProject
Project("{FAE04EC0-301F-11D3-BF4B-00C04F79EFBC}") = "ObsidianAI.Domain", "ObsidianAI.Domain\ObsidianAI.Domain.csproj", "{FF43E4D3-FD35-4C43-B661-B6EDC34C232E}"
EndProject
Project("{FAE04EC0-301F-11D3-BF4B-00C04F79EFBC}") = "ObsidianAI.Application", "ObsidianAI.Application\ObsidianAI.Application.csproj", "{090DC38E-F107-436C-B7DB-13ED7F8A9274}"
EndProject
Project("{FAE04EC0-301F-11D3-BF4B-00C04F79EFBC}") = "ObsidianAI.Infrastructure", "ObsidianAI.Infrastructure\ObsidianAI.Infrastructure.csproj", "{5B733F54-A289-4602-959B-7C0568BE8BE7}"
EndProject
Project("{FAE04EC0-301F-11D3-BF4B-00C04F79EFBC}") = "ObsidianAI.Tests", "ObsidianAI.Tests\ObsidianAI.Tests.csproj", "{DD4FA373-5E34-4A20-9F55-52F42284046F}"
EndProject
Global
	GlobalSection(SolutionConfigurationPlatforms) = preSolution
		Debug|Any CPU = Debug|Any CPU
		Debug|x64 = Debug|x64
		Debug|x86 = Debug|x86
		Release|Any CPU = Release|Any CPU
		Release|x64 = Release|x64
		Release|x86 = Release|x86
	EndGlobalSection
	GlobalSection(ProjectConfigurationPlatforms) = postSolution
		{5D2408B3-64ED-42B4-84BA-DA5DCE1580FC}.Debug|Any CPU.ActiveCfg = Debug|Any CPU
		{5D2408B3-64ED-42B4-84BA-DA5DCE1580FC}.Debug|Any CPU.Build.0 = Debug|Any CPU
		{5D2408B3-64ED-42B4-84BA-DA5DCE1580FC}.Debug|x64.ActiveCfg = Debug|Any CPU
		{5D2408B3-64ED-42B4-84BA-DA5DCE1580FC}.Debug|x64.Build.0 = Debug|Any CPU
		{5D2408B3-64ED-42B4-84BA-DA5DCE1580FC}.Debug|x86.ActiveCfg = Debug|Any CPU
		{5D2408B3-64ED-42B4-84BA-DA5DCE1580FC}.Debug|x86.Build.0 = Debug|Any CPU
		{5D2408B3-64ED-42B4-84BA-DA5DCE1580FC}.Release|Any CPU.ActiveCfg = Release|Any CPU
		{5D2408B3-64ED-42B4-84BA-DA5DCE1580FC}.Release|Any CPU.Build.0 = Release|Any CPU
		{5D2408B3-64ED-42B4-84BA-DA5DCE1580FC}.Release|x64.ActiveCfg = Release|Any CPU
		{5D2408B3-64ED-42B4-84BA-DA5DCE1580FC}.Release|x64.Build.0 = Release|Any CPU
		{5D2408B3-64ED-42B4-84BA-DA5DCE1580FC}.Release|x86.ActiveCfg = Release|Any CPU
		{5D2408B3-64ED-42B4-84BA-DA5DCE1580FC}.Release|x86.Build.0 = Release|Any CPU
		{199A93C9-EE50-47E5-BDB1-5E66925C5348}.Debug|Any CPU.ActiveCfg = Debug|Any CPU
		{199A93C9-EE50-47E5-BDB1-5E66925C5348}.Debug|Any CPU.Build.0 = Debug|Any CPU
		{199A93C9-EE50-47E5-BDB1-5E66925C5348}.Debug|x64.ActiveCfg = Debug|Any CPU
		{199A93C9-EE50-47E5-BDB1-5E66925C5348}.Debug|x64.Build.0 = Debug|Any CPU
		{199A93C9-EE50-47E5-BDB1-5E66925C5348}.Debug|x86.ActiveCfg = Debug|Any CPU
		{199A93C9-EE50-47E5-BDB1-5E66925C5348}.Debug|x86.Build.0 = Debug|Any CPU
		{199A93C9-EE50-47E5-BDB1-5E66925C5348}.Release|Any CPU.ActiveCfg = Release|Any CPU
		{199A93C9-EE50-47E5-BDB1-5E66925C5348}.Release|Any CPU.Build.0 = Release|Any CPU
		{199A93C9-EE50-47E5-BDB1-5E66925C5348}.Release|x64.ActiveCfg = Release|Any CPU
		{199A93C9-EE50-47E5-BDB1-5E66925C5348}.Release|x64.Build.0 = Release|Any CPU
		{199A93C9-EE50-47E5-BDB1-5E66925C5348}.Release|x86.ActiveCfg = Release|Any CPU
		{199A93C9-EE50-47E5-BDB1-5E66925C5348}.Release|x86.Build.0 = Release|Any CPU
		{7C46D01F-ACA5-4A6F-B43D-5D67B27668D9}.Debug|Any CPU.ActiveCfg = Debug|Any CPU
		{7C46D01F-ACA5-4A6F-B43D-5D67B27668D9}.Debug|Any CPU.Build.0 = Debug|Any CPU
		{7C46D01F-ACA5-4A6F-B43D-5D67B27668D9}.Debug|x64.ActiveCfg = Debug|Any CPU
		{7C46D01F-ACA5-4A6F-B43D-5D67B27668D9}.Debug|x64.Build.0 = Debug|Any CPU
		{7C46D01F-ACA5-4A6F-B43D-5D67B27668D9}.Debug|x86.ActiveCfg = Debug|Any CPU
		{7C46D01F-ACA5-4A6F-B43D-5D67B27668D9}.Debug|x86.Build.0 = Debug|Any CPU
		{7C46D01F-ACA5-4A6F-B43D-5D67B27668D9}.Release|Any CPU.ActiveCfg = Release|Any CPU
		{7C46D01F-ACA5-4A6F-B43D-5D67B27668D9}.Release|Any CPU.Build.0 = Release|Any CPU
		{7C46D01F-ACA5-4A6F-B43D-5D67B27668D9}.Release|x64.ActiveCfg = Release|Any CPU
		{7C46D01F-ACA5-4A6F-B43D-5D67B27668D9}.Release|x64.Build.0 = Release|Any CPU
		{7C46D01F-ACA5-4A6F-B43D-5D67B27668D9}.Release|x86.ActiveCfg = Release|Any CPU
		{7C46D01F-ACA5-4A6F-B43D-5D67B27668D9}.Release|x86.Build.0 = Release|Any CPU
		{028D0A8E-4006-424A-8472-6FA0C21D191E}.Debug|Any CPU.ActiveCfg = Debug|Any CPU
		{028D0A8E-4006-424A-8472-6FA0C21D191E}.Debug|Any CPU.Build.0 = Debug|Any CPU
		{028D0A8E-4006-424A-8472-6FA0C21D191E}.Debug|x64.ActiveCfg = Debug|Any CPU
		{028D0A8E-4006-424A-8472-6FA0C21D191E}.Debug|x64.Build.0 = Debug|Any CPU
		{028D0A8E-4006-424A-8472-6FA0C21D191E}.Debug|x86.ActiveCfg = Debug|Any CPU
		{028D0A8E-4006-424A-8472-6FA0C21D191E}.Debug|x86.Build.0 = Debug|Any CPU
		{028D0A8E-4006-424A-8472-6FA0C21D191E}.Release|Any CPU.ActiveCfg = Release|Any CPU
		{028D0A8E-4006-424A-8472-6FA0C21D191E}.Release|Any CPU.Build.0 = Release|Any CPU
		{028D0A8E-4006-424A-8472-6FA0C21D191E}.Release|x64.ActiveCfg = Release|Any CPU
		{028D0A8E-4006-424A-8472-6FA0C21D191E}.Release|x64.Build.0 = Release|Any CPU
		{028D0A8E-4006-424A-8472-6FA0C21D191E}.Release|x86.ActiveCfg = Release|Any CPU
		{028D0A8E-4006-424A-8472-6FA0C21D191E}.Release|x86.Build.0 = Release|Any CPU
		{FF43E4D3-FD35-4C43-B661-B6EDC34C232E}.Debug|Any CPU.ActiveCfg = Debug|Any CPU
		{FF43E4D3-FD35-4C43-B661-B6EDC34C232E}.Debug|Any CPU.Build.0 = Debug|Any CPU
		{FF43E4D3-FD35-4C43-B661-B6EDC34C232E}.Debug|x64.ActiveCfg = Debug|Any CPU
		{FF43E4D3-FD35-4C43-B661-B6EDC34C232E}.Debug|x64.Build.0 = Debug|Any CPU
		{FF43E4D3-FD35-4C43-B661-B6EDC34C232E}.Debug|x86.ActiveCfg = Debug|Any CPU
		{FF43E4D3-FD35-4C43-B661-B6EDC34C232E}.Debug|x86.Build.0 = Debug|Any CPU
		{FF43E4D3-FD35-4C43-B661-B6EDC34C232E}.Release|Any CPU.ActiveCfg = Release|Any CPU
		{FF43E4D3-FD35-4C43-B661-B6EDC34C232E}.Release|Any CPU.Build.0 = Release|Any CPU
		{FF43E4D3-FD35-4C43-B661-B6EDC34C232E}.Release|x64.ActiveCfg = Release|Any CPU
		{FF43E4D3-FD35-4C43-B661-B6EDC34C232E}.Release|x64.Build.0 = Release|Any CPU
		{FF43E4D3-FD35-4C43-B661-B6EDC34C232E}.Release|x86.ActiveCfg = Release|Any CPU
		{FF43E4D3-FD35-4C43-B661-B6EDC34C232E}.Release|x86.Build.0 = Release|Any CPU
		{090DC38E-F107-436C-B7DB-13ED7F8A9274}.Debug|Any CPU.ActiveCfg = Debug|Any CPU
		{090DC38E-F107-436C-B7DB-13ED7F8A9274}.Debug|Any CPU.Build.0 = Debug|Any CPU
		{090DC38E-F107-436C-B7DB-13ED7F8A9274}.Debug|x64.ActiveCfg = Debug|Any CPU
		{090DC38E-F107-436C-B7DB-13ED7F8A9274}.Debug|x64.Build.0 = Debug|Any CPU
		{090DC38E-F107-436C-B7DB-13ED7F8A9274}.Debug|x86.ActiveCfg = Debug|Any CPU
		{090DC38E-F107-436C-B7DB-13ED7F8A9274}.Debug|x86.Build.0 = Debug|Any CPU
		{090DC38E-F107-436C-B7DB-13ED7F8A9274}.Release|Any CPU.ActiveCfg = Release|Any CPU
		{090DC38E-F107-436C-B7DB-13ED7F8A9274}.Release|Any CPU.Build.0 = Release|Any CPU
		{090DC38E-F107-436C-B7DB-13ED7F8A9274}.Release|x64.ActiveCfg = Release|Any CPU
		{090DC38E-F107-436C-B7DB-13ED7F8A9274}.Release|x64.Build.0 = Release|Any CPU
		{090DC38E-F107-436C-B7DB-13ED7F8A9274}.Release|x86.ActiveCfg = Release|Any CPU
		{090DC38E-F107-436C-B7DB-13ED7F8A9274}.Release|x86.Build.0 = Release|Any CPU
		{5B733F54-A289-4602-959B-7C0568BE8BE7}.Debug|Any CPU.ActiveCfg = Debug|Any CPU
		{5B733F54-A289-4602-959B-7C0568BE8BE7}.Debug|Any CPU.Build.0 = Debug|Any CPU
		{5B733F54-A289-4602-959B-7C0568BE8BE7}.Debug|x64.ActiveCfg = Debug|Any CPU
		{5B733F54-A289-4602-959B-7C0568BE8BE7}.Debug|x64.Build.0 = Debug|Any CPU
		{5B733F54-A289-4602-959B-7C0568BE8BE7}.Debug|x86.ActiveCfg = Debug|Any CPU
		{5B733F54-A289-4602-959B-7C0568BE8BE7}.Debug|x86.Build.0 = Debug|Any CPU
		{5B733F54-A289-4602-959B-7C0568BE8BE7}.Release|Any CPU.ActiveCfg = Release|Any CPU
		{5B733F54-A289-4602-959B-7C0568BE8BE7}.Release|Any CPU.Build.0 = Release|Any CPU
		{5B733F54-A289-4602-959B-7C0568BE8BE7}.Release|x64.ActiveCfg = Release|Any CPU
		{5B733F54-A289-4602-959B-7C0568BE8BE7}.Release|x64.Build.0 = Release|Any CPU
		{5B733F54-A289-4602-959B-7C0568BE8BE7}.Release|x86.ActiveCfg = Release|Any CPU
		{5B733F54-A289-4602-959B-7C0568BE8BE7}.Release|x86.Build.0 = Release|Any CPU
		{DD4FA373-5E34-4A20-9F55-52F42284046F}.Debug|Any CPU.ActiveCfg = Debug|Any CPU
		{DD4FA373-5E34-4A20-9F55-52F42284046F}.Debug|Any CPU.Build.0 = Debug|Any CPU
		{DD4FA373-5E34-4A20-9F55-52F42284046F}.Debug|x64.ActiveCfg = Debug|Any CPU
		{DD4FA373-5E34-4A20-9F55-52F42284046F}.Debug|x64.Build.0 = Debug|Any CPU
		{DD4FA373-5E34-4A20-9F55-52F42284046F}.Debug|x86.ActiveCfg = Debug|Any CPU
		{DD4FA373-5E34-4A20-9F55-52F42284046F}.Debug|x86.Build.0 = Debug|Any CPU
		{DD4FA373-5E34-4A20-9F55-52F42284046F}.Release|Any CPU.ActiveCfg = Release|Any CPU
		{DD4FA373-5E34-4A20-9F55-52F42284046F}.Release|Any CPU.Build.0 = Release|Any CPU
		{DD4FA373-5E34-4A20-9F55-52F42284046F}.Release|x64.ActiveCfg = Release|Any CPU
		{DD4FA373-5E34-4A20-9F55-52F42284046F}.Release|x64.Build.0 = Release|Any CPU
		{DD4FA373-5E34-4A20-9F55-52F42284046F}.Release|x86.ActiveCfg = Release|Any CPU
		{DD4FA373-5E34-4A20-9F55-52F42284046F}.Release|x86.Build.0 = Release|Any CPU
	EndGlobalSection
	GlobalSection(SolutionProperties) = preSolution
		HideSolutionNode = FALSE
	EndGlobalSection
	GlobalSection(ExtensibilityGlobals) = postSolution
		SolutionGuid = {38E6843B-8C05-4135-9D9F-30BDCC295092}
	EndGlobalSection
EndGlobal
